
Microsoft Visual Studio Solution File, Format Version 12.00
# Visual Studio Version 17
VisualStudioVersion = 17.7.34018.315
MinimumVisualStudioVersion = 10.0.40219.1
Project("{FAE04EC0-301F-11D3-BF4B-00C04F79EFBC}") = "FASILKOMPOINT", "FASILKOMPOINT\FASILKOMPOINT.csproj", "{61020E13-F6E8-4660-9668-924EBFF8855A}"
EndProject
Global
	GlobalSection(SolutionConfigurationPlatforms) = preSolution
		Debug|Any CPU = Debug|Any CPU
		Release|Any CPU = Release|Any CPU
	EndGlobalSection
	GlobalSection(ProjectConfigurationPlatforms) = postSolution
		{61020E13-F6E8-4660-9668-924EBFF8855A}.Debug|Any CPU.ActiveCfg = Debug|Any CPU
		{61020E13-F6E8-4660-9668-924EBFF8855A}.Debug|Any CPU.Build.0 = Debug|Any CPU
		{61020E13-F6E8-4660-9668-924EBFF8855A}.Release|Any CPU.ActiveCfg = Release|Any CPU
		{61020E13-F6E8-4660-9668-924EBFF8855A}.Release|Any CPU.Build.0 = Release|Any CPU
	EndGlobalSection
	GlobalSection(SolutionProperties) = preSolution
		HideSolutionNode = FALSE
	EndGlobalSection
	GlobalSection(ExtensibilityGlobals) = postSolution
		SolutionGuid = {80B279A3-3D2E-4CFF-A253-9279DCE3EB87}
	EndGlobalSection
EndGlobal
